{
  "name": "getting-started-with-ml-using-js",
  "version": "1.0.0",
  "lockfileVersion": 1,
  "requires": true,
  "dependencies": {
    "async": {
      "version": "0.9.2",
      "resolved": "https://registry.npmjs.org/async/-/async-0.9.2.tgz",
      "integrity": "sha1-rqdNXmHB+JlhO/ZL2mbUx48v0X0="
    },
    "balanced-match": {
      "version": "1.0.0",
      "resolved": "https://registry.npmjs.org/balanced-match/-/balanced-match-1.0.0.tgz",
      "integrity": "sha1-ibTRmasr7kneFk6gK4nORi1xt2c="
    },
    "brace-expansion": {
      "version": "1.1.8",
      "resolved": "https://registry.npmjs.org/brace-expansion/-/brace-expansion-1.1.8.tgz",
      "integrity": "sha1-wHshHHyVLsH479Uad+8NHTmQopI=",
      "requires": {
        "balanced-match": "1.0.0",
        "concat-map": "0.0.1"
      }
    },
    "colors": {
      "version": "1.1.2",
      "resolved": "https://registry.npmjs.org/colors/-/colors-1.1.2.tgz",
      "integrity": "sha1-FopHAXVran9RoSzgyXv6KMCE7WM="
    },
    "concat-map": {
      "version": "0.0.1",
      "resolved": "https://registry.npmjs.org/concat-map/-/concat-map-0.0.1.tgz",
      "integrity": "sha1-2Klr13/Wjfd5OnMDajug1UBdR3s="
    },
    "csvtojson": {
      "version": "1.1.9",
      "resolved": "https://registry.npmjs.org/csvtojson/-/csvtojson-1.1.9.tgz",
      "integrity": "sha1-5kGucve8L6P5qvEn4CH8iUR8HNE=",
      "requires": {
        "lodash": "4.17.4",
        "strip-bom": "1.0.0"
      }
    },
    "cycle": {
      "version": "1.0.3",
      "resolved": "https://registry.npmjs.org/cycle/-/cycle-1.0.3.tgz",
      "integrity": "sha1-IegLK+hYD5i0aPN5QwZisEbDStI="
    },
    "deep-equal": {
      "version": "0.2.2",
      "resolved": "https://registry.npmjs.org/deep-equal/-/deep-equal-0.2.2.tgz",
      "integrity": "sha1-hLdFiW80xoTpjyzg5Cq69Du6AX0="
    },
    "eyes": {
      "version": "0.1.8",
      "resolved": "https://registry.npmjs.org/eyes/-/eyes-0.1.8.tgz",
      "integrity": "sha1-Ys8SAjTGg3hdkCNIqADvPgzCC8A="
    },
    "first-chunk-stream": {
      "version": "1.0.0",
      "resolved": "https://registry.npmjs.org/first-chunk-stream/-/first-chunk-stream-1.0.0.tgz",
      "integrity": "sha1-Wb+1DNkF9g18OUzT2ayqtOatk04="
    },
    "fs.realpath": {
      "version": "1.0.0",
      "resolved": "https://registry.npmjs.org/fs.realpath/-/fs.realpath-1.0.0.tgz",
      "integrity": "sha1-FQStJSMVjKpA20onh8sBQRmU6k8="
    },
    "glob": {
      "version": "7.1.2",
      "resolved": "https://registry.npmjs.org/glob/-/glob-7.1.2.tgz",
      "integrity": "sha512-MJTUg1kjuLeQCJ+ccE4Vpa6kKVXkPYJ2mOCQyUuKLcLQsdrMCpBPUi8qVE6+YuaJkozeA9NusTAw3hLr8Xe5EQ==",
      "requires": {
        "fs.realpath": "1.0.0",
        "inflight": "1.0.6",
        "inherits": "2.0.3",
        "minimatch": "3.0.4",
        "once": "1.4.0",
        "path-is-absolute": "1.0.1"
      }
    },
    "i": {
      "version": "0.3.6",
      "resolved": "https://registry.npmjs.org/i/-/i-0.3.6.tgz",
      "integrity": "sha1-2WyScyB28HJxG2sQ/X1PZa2O4j0="
    },
    "inflight": {
      "version": "1.0.6",
      "resolved": "https://registry.npmjs.org/inflight/-/inflight-1.0.6.tgz",
      "integrity": "sha1-Sb1jMdfQLQwJvJEKEHW6gWW1bfk=",
      "requires": {
        "once": "1.4.0",
        "wrappy": "1.0.2"
      }
    },
    "inherits": {
      "version": "2.0.3",
      "resolved": "https://registry.npmjs.org/inherits/-/inherits-2.0.3.tgz",
      "integrity": "sha1-Yzwsg+PaQqUC9SRmAiSA9CCCYd4="
    },
    "is-finite": {
      "version": "1.0.2",
      "resolved": "https://registry.npmjs.org/is-finite/-/is-finite-1.0.2.tgz",
      "integrity": "sha1-zGZ3aVYCvlUO8R6LSqYwU0K20Ko=",
      "requires": {
        "number-is-nan": "1.0.1"
      }
    },
    "is-integer": {
      "version": "1.0.7",
      "resolved": "https://registry.npmjs.org/is-integer/-/is-integer-1.0.7.tgz",
      "integrity": "sha1-a96Bqs3feLZZtmKdYpytxRqIbVw=",
      "requires": {
        "is-finite": "1.0.2"
      }
    },
    "is-utf8": {
      "version": "0.2.1",
      "resolved": "https://registry.npmjs.org/is-utf8/-/is-utf8-0.2.1.tgz",
      "integrity": "sha1-Sw2hRCEE0bM2NA6AeX6GXPOffXI="
    },
    "isstream": {
      "version": "0.1.2",
      "resolved": "https://registry.npmjs.org/isstream/-/isstream-0.1.2.tgz",
      "integrity": "sha1-R+Y/evVa+m+S4VAOaQ64uFKcCZo="
    },
    "lodash": {
      "version": "4.17.4",
      "resolved": "https://registry.npmjs.org/lodash/-/lodash-4.17.4.tgz",
      "integrity": "sha512-6X37Sq9KCpLSXEh8uM12AKYlviHPNNk4RxiGBn4cmKGJinbXBneWIV7iE/nXkM928O7ytHcHb6+X6Svl0f4hXg=="
    },
    "minimatch": {
      "version": "3.0.4",
      "resolved": "https://registry.npmjs.org/minimatch/-/minimatch-3.0.4.tgz",
      "integrity": "sha512-yJHVQEhyqPLUTgt9B83PXu6W3rx4MvvHvSUvToogpwoGDOUQ+yDrR0HRot+yOCdCO7u4hX3pWft6kWBBcqh0UA==",
      "requires": {
        "brace-expansion": "1.1.8"
      }
    },
    "minimist": {
      "version": "0.0.8",
      "resolved": "https://registry.npmjs.org/minimist/-/minimist-0.0.8.tgz",
      "integrity": "sha1-hX/Kv8M5fSYluCKCYuhqp6ARsF0="
    },
    "mkdirp": {
      "version": "0.5.1",
      "resolved": "https://registry.npmjs.org/mkdirp/-/mkdirp-0.5.1.tgz",
      "integrity": "sha1-MAV0OOrGz3+MR2fzhkjWaX11yQM=",
      "requires": {
        "minimist": "0.0.8"
      }
    },
    "ml-array-max": {
      "version": "1.0.1",
      "resolved": "https://registry.npmjs.org/ml-array-max/-/ml-array-max-1.0.1.tgz",
      "integrity": "sha512-6wdNU+pLrODrGvqP2Yu2kQTJEayzR4vBzrc1JPwO5+j8cgxLCKA5YLEorbnJm85Dn+bLSkpzNkm9CeIxyNTKvw=="
    },
    "ml-array-min": {
      "version": "1.0.1",
      "resolved": "https://registry.npmjs.org/ml-array-min/-/ml-array-min-1.0.1.tgz",
      "integrity": "sha512-lMUTSRub73HhWhPuuSYQY8K+ECpQO/ckoYdVWNlWqVYCUhmzQe+pzl5YrQqrHWHKuYmCwYu1cEGC8z3+j9XB7w=="
    },
    "ml-array-rescale": {
      "version": "1.1.0",
      "resolved": "https://registry.npmjs.org/ml-array-rescale/-/ml-array-rescale-1.1.0.tgz",
      "integrity": "sha512-pBUZV5klWv/H0tgCnOFCIdny9WTCk9jUP/2JebS1otnh/PcRaH9csv4PLt8K4f2r7P++uPrRja0PJa2GQwehbg==",
      "requires": {
        "ml-array-max": "1.0.1",
        "ml-array-min": "1.0.1"
      }
    },
    "ml-distance-euclidean": {
      "version": "1.0.0",
      "resolved": "https://registry.npmjs.org/ml-distance-euclidean/-/ml-distance-euclidean-1.0.0.tgz",
      "integrity": "sha1-CER8IjNkGisqm0wp5feS0o8dW5U="
    },
    "ml-kernel": {
      "version": "2.3.4",
      "resolved": "https://registry.npmjs.org/ml-kernel/-/ml-kernel-2.3.4.tgz",
      "integrity": "sha512-XH841rI/FANQD1JbhJuSy2XpXmstDjTRoYqJTQRq3V+sZmphvOKIJx1bWTr2vCxduDcWV/M77AYPZRivqt5QTA==",
      "requires": {
        "ml-distance-euclidean": "1.0.0",
        "ml-kernel-gaussian": "2.0.1",
        "ml-kernel-polynomial": "2.0.0",
        "ml-kernel-sigmoid": "1.0.0",
        "ml-matrix": "5.0.1"
      }
    },
    "ml-kernel-gaussian": {
      "version": "2.0.1",
      "resolved": "https://registry.npmjs.org/ml-kernel-gaussian/-/ml-kernel-gaussian-2.0.1.tgz",
      "integrity": "sha1-oBrvn0T1vMETQbCaODsbMvEZM8A=",
      "requires": {
        "ml-distance-euclidean": "1.0.0"
      }
    },
    "ml-kernel-polynomial": {
      "version": "2.0.0",
      "resolved": "https://registry.npmjs.org/ml-kernel-polynomial/-/ml-kernel-polynomial-2.0.0.tgz",
      "integrity": "sha1-jsAsAsy2i/JakvvMtNVaSzh8gxM="
    },
    "ml-kernel-sigmoid": {
      "version": "1.0.0",
      "resolved": "https://registry.npmjs.org/ml-kernel-sigmoid/-/ml-kernel-sigmoid-1.0.0.tgz",
      "integrity": "sha1-iEsovhP2GmClFz8EJA6AlusdnNI="
    },
    "ml-knn": {
      "version": "2.1.3",
      "resolved": "https://registry.npmjs.org/ml-knn/-/ml-knn-2.1.3.tgz",
      "integrity": "sha512-0uLgoMtrm8AvT1T7gfxK4vBZwRbVOfIrj5pv+q4Yltpr6oiCpVB6DIKomZ5vlJwjQsq6pkHUF+qHXcUCuk/QWQ==",
      "requires": {
        "ml-distance-euclidean": "1.0.0"
      }
    },
    "ml-matrix": {
      "version": "5.0.1",
      "resolved": "https://registry.npmjs.org/ml-matrix/-/ml-matrix-5.0.1.tgz",
      "integrity": "sha512-QMPLizHaG+5QIm98twKAizO8P3CNJPfXRj9armaukSK+nOZYIr1kONoZCvfNDBrOaQjz/ld1Cgb0+tcpdLK+hw==",
      "requires": {
        "ml-array-rescale": "1.1.0"
      }
    },
    "ml-regression": {
      "version": "4.4.2",
      "resolved": "https://registry.npmjs.org/ml-regression/-/ml-regression-4.4.2.tgz",
      "integrity": "sha512-pdADkuG0juGAl68QGjqEpr+OiB9AWEJn1/FjD+qVaWJ06FXACpZZkg0XhHXB5pRsSwygA2cEIZHKJ4Ct2dPmMw==",
      "requires": {
        "is-integer": "1.0.7",
        "ml-kernel": "2.3.4",
        "ml-matrix": "5.0.1",
        "ml-regression-base": "1.2.0",
        "ml-regression-exponential": "1.0.1",
        "ml-regression-multivariate-linear": "1.0.1",
        "ml-regression-polynomial": "1.0.3",
        "ml-regression-power": "1.0.0",
        "ml-regression-robust-polynomial": "1.0.1",
        "ml-regression-simple-linear": "1.0.2",
        "ml-regression-theil-sen": "1.0.0",
        "ml-stat": "1.3.3"
      }
    },
    "ml-regression-base": {
      "version": "1.2.0",
      "resolved": "https://registry.npmjs.org/ml-regression-base/-/ml-regression-base-1.2.0.tgz",
      "integrity": "sha1-6MWMErZJ2EXssT4MJGrRvm5XzBw="
    },
    "ml-regression-exponential": {
      "version": "1.0.1",
      "resolved": "https://registry.npmjs.org/ml-regression-exponential/-/ml-regression-exponential-1.0.1.tgz",
      "integrity": "sha1-9e7boxo+C8+7uSwmxZD50Clw59A=",
      "requires": {
        "ml-regression-base": "1.2.0",
        "ml-regression-simple-linear": "1.0.2"
      }
    },
    "ml-regression-multivariate-linear": {
      "version": "1.0.1",
      "resolved": "https://registry.npmjs.org/ml-regression-multivariate-linear/-/ml-regression-multivariate-linear-1.0.1.tgz",
      "integrity": "sha512-js7VJL0zCeyi8bf0BG9mZMiVvJDib30LM/tIUXg1bfD0Nj2fAOV4m2SCj33Xt3X60a+xeoRMJ2yB72734fGT2A==",
      "requires": {
        "ml-matrix": "5.0.1",
        "ml-regression-base": "1.2.0"
      }
    },
    "ml-regression-polynomial": {
      "version": "1.0.3",
      "resolved": "https://registry.npmjs.org/ml-regression-polynomial/-/ml-regression-polynomial-1.0.3.tgz",
      "integrity": "sha512-GXfzXG+PRzpVfVmJiHRc8ggme2ISJlzkaN79Fxl8fI9aQSMoL7qNc3vlp9YwTmzPARhOoFY11JYLuvZCvMIfcg==",
      "requires": {
        "ml-matrix": "5.0.1",
        "ml-regression-base": "1.2.0"
      }
    },
    "ml-regression-power": {
      "version": "1.0.0",
      "resolved": "https://registry.npmjs.org/ml-regression-power/-/ml-regression-power-1.0.0.tgz",
      "integrity": "sha1-65NPw8BTGhXYdy9Gp8qVUXheSB8=",
      "requires": {
        "ml-regression-base": "1.2.0",
        "ml-regression-simple-linear": "1.0.2"
      }
    },
    "ml-regression-robust-polynomial": {
      "version": "1.0.1",
      "resolved": "https://registry.npmjs.org/ml-regression-robust-polynomial/-/ml-regression-robust-polynomial-1.0.1.tgz",
      "integrity": "sha512-Vgl8ZMdH18pWuX82AWrVjamNVKcm9kAAqbUdjNLjlTqqQFFzEO/f6P/VJdb2jIkRtYwv64w6HNB1BGpow+sElA==",
      "requires": {
        "ml-matrix": "5.0.1",
        "ml-regression-base": "1.2.0"
      }
    },
    "ml-regression-simple-linear": {
      "version": "1.0.2",
      "resolved": "https://registry.npmjs.org/ml-regression-simple-linear/-/ml-regression-simple-linear-1.0.2.tgz",
      "integrity": "sha1-2Z/pW+kXjDvwRcxYSQseYoUTNq8=",
      "requires": {
        "ml-regression-base": "1.2.0"
      }
    },
    "ml-regression-theil-sen": {
      "version": "1.0.0",
      "resolved": "https://registry.npmjs.org/ml-regression-theil-sen/-/ml-regression-theil-sen-1.0.0.tgz",
      "integrity": "sha512-h0+IAUqCyR6zEK0pQEoSK/AYYqpRqZVd0HqQ8uFJLXKN/X9vNcYjoImL3JxaB71M7DfUuKI+okeE6b2zVHTJSw==",
      "requires": {
        "ml-regression-base": "1.2.0",
        "ml-stat": "1.3.3"
      }
    },
    "ml-stat": {
      "version": "1.3.3",
      "resolved": "https://registry.npmjs.org/ml-stat/-/ml-stat-1.3.3.tgz",
      "integrity": "sha1-ilSTsPZzgvv3BcJg4HBDZlWn3Po="
    },
    "mute-stream": {
      "version": "0.0.7",
      "resolved": "https://registry.npmjs.org/mute-stream/-/mute-stream-0.0.7.tgz",
      "integrity": "sha1-MHXOk7whuPq0PhvE2n6BFe0ee6s="
    },
    "ncp": {
      "version": "1.0.1",
      "resolved": "https://registry.npmjs.org/ncp/-/ncp-1.0.1.tgz",
      "integrity": "sha1-0VNn5cuHQyuhF9K/gP30Wuz7QkY="
    },
    "number-is-nan": {
      "version": "1.0.1",
      "resolved": "https://registry.npmjs.org/number-is-nan/-/number-is-nan-1.0.1.tgz",
      "integrity": "sha1-CXtgK1NCKlIsGvuHkDGDNpQaAR0="
    },
    "once": {
      "version": "1.4.0",
      "resolved": "https://registry.npmjs.org/once/-/once-1.4.0.tgz",
      "integrity": "sha1-WDsap3WWHUsROsF9nFC6753Xa9E=",
      "requires": {
        "wrappy": "1.0.2"
      }
    },
    "path-is-absolute": {
      "version": "1.0.1",
      "resolved": "https://registry.npmjs.org/path-is-absolute/-/path-is-absolute-1.0.1.tgz",
      "integrity": "sha1-F0uSaHNVNP+8es5r9TpanhtcX18="
    },
    "pkginfo": {
      "version": "0.4.1",
      "resolved": "https://registry.npmjs.org/pkginfo/-/pkginfo-0.4.1.tgz",
      "integrity": "sha1-tUGO8EOd5UJfxJlQQtztFPsqhP8="
    },
    "prompt": {
      "version": "1.0.0",
      "resolved": "https://registry.npmjs.org/prompt/-/prompt-1.0.0.tgz",
      "integrity": "sha1-jlcSPDlquYiJf7Mn/Trtw+c15P4=",
      "requires": {
        "colors": "1.1.2",
        "pkginfo": "0.4.1",
        "read": "1.0.7",
        "revalidator": "0.1.8",
        "utile": "0.3.0",
        "winston": "2.1.1"
      }
    },
    "read": {
      "version": "1.0.7",
      "resolved": "https://registry.npmjs.org/read/-/read-1.0.7.tgz",
      "integrity": "sha1-s9oZvQUkMal2cdRKQmNK33ELQMQ=",
      "requires": {
        "mute-stream": "0.0.7"
      }
    },
    "revalidator": {
      "version": "0.1.8",
      "resolved": "https://registry.npmjs.org/revalidator/-/revalidator-0.1.8.tgz",
      "integrity": "sha1-/s5hv6DBtSoga9axgZgYS91SOjs="
    },
    "rimraf": {
      "version": "2.6.2",
      "resolved": "https://registry.npmjs.org/rimraf/-/rimraf-2.6.2.tgz",
      "integrity": "sha512-lreewLK/BlghmxtfH36YYVg1i8IAce4TI7oao75I1g245+6BctqTVQiBP3YUJ9C6DQOXJmkYR9X9fCLtCOJc5w==",
      "requires": {
        "glob": "7.1.2"
      }
    },
    "stack-trace": {
      "version": "0.0.10",
      "resolved": "https://registry.npmjs.org/stack-trace/-/stack-trace-0.0.10.tgz",
      "integrity": "sha1-VHxws0fo0ytOEI6hoqFZ5f3eGcA="
    },
    "strip-bom": {
      "version": "1.0.0",
      "resolved": "https://registry.npmjs.org/strip-bom/-/strip-bom-1.0.0.tgz",
      "integrity": "sha1-hbiGLzhEtabV7IRnqTWYFzo295Q=",
      "requires": {
        "first-chunk-stream": "1.0.0",
        "is-utf8": "0.2.1"
      }
    },
    "utile": {
      "version": "0.3.0",
      "resolved": "https://registry.npmjs.org/utile/-/utile-0.3.0.tgz",
      "integrity": "sha1-E1LDQOuCDk2N26A5pPv6oy7U7zo=",
      "requires": {
        "async": "0.9.2",
        "deep-equal": "0.2.2",
        "i": "0.3.6",
        "mkdirp": "0.5.1",
        "ncp": "1.0.1",
        "rimraf": "2.6.2"
      }
    },
    "winston": {
      "version": "2.1.1",
      "resolved": "https://registry.npmjs.org/winston/-/winston-2.1.1.tgz",
      "integrity": "sha1-PJNJ0ZYgf9G9/51LxD73JRDjoS4=",
      "requires": {
        "async": "1.0.0",
        "colors": "1.0.3",
        "cycle": "1.0.3",
        "eyes": "0.1.8",
        "isstream": "0.1.2",
        "pkginfo": "0.3.1",
        "stack-trace": "0.0.10"
      },
      "dependencies": {
        "async": {
          "version": "1.0.0",
          "resolved": "https://registry.npmjs.org/async/-/async-1.0.0.tgz",
          "integrity": "sha1-+PwEyjoTeErenhZBr5hXjPvWR6k="
        },
        "colors": {
          "version": "1.0.3",
          "resolved": "https://registry.npmjs.org/colors/-/colors-1.0.3.tgz",
          "integrity": "sha1-BDP0TYCWgP3rYO0mDxsMJi6CpAs="
        },
        "pkginfo": {
          "version": "0.3.1",
          "resolved": "https://registry.npmjs.org/pkginfo/-/pkginfo-0.3.1.tgz",
          "integrity": "sha1-Wyn2qB9wcXFC4J52W76rl7T4HiE="
        }
      }
    },
    "wrappy": {
      "version": "1.0.2",
      "resolved": "https://registry.npmjs.org/wrappy/-/wrappy-1.0.2.tgz",
      "integrity": "sha1-tSQ9jz7BqjXxNkYFvA0QNuMKtp8="
    }
  }
}
