# THIS IS AN AUTOGENERATED FILE. DO NOT EDIT THIS FILE DIRECTLY.
# yarn lockfile v1


async@~0.9.0:
  version "0.9.2"
  resolved "https://registry.yarnpkg.com/async/-/async-0.9.2.tgz#aea74d5e61c1f899613bf64bda66d4c78f2fd17d"

async@~1.0.0:
  version "1.0.0"
  resolved "https://registry.yarnpkg.com/async/-/async-1.0.0.tgz#f8fc04ca3a13784ade9e1641af98578cfbd647a9"

balanced-match@^1.0.0:
  version "1.0.0"
  resolved "https://registry.yarnpkg.com/balanced-match/-/balanced-match-1.0.0.tgz#89b4d199ab2bee49de164ea02b89ce462d71b767"

brace-expansion@^1.1.7:
  version "1.1.8"
  resolved "https://registry.yarnpkg.com/brace-expansion/-/brace-expansion-1.1.8.tgz#c07b211c7c952ec1f8efd51a77ef0d1d3990a292"
  dependencies:
    balanced-match "^1.0.0"
    concat-map "0.0.1"

colors@1.0.x:
  version "1.0.3"
  resolved "https://registry.yarnpkg.com/colors/-/colors-1.0.3.tgz#0433f44d809680fdeb60ed260f1b0c262e82a40b"

colors@^1.1.2:
  version "1.1.2"
  resolved "https://registry.yarnpkg.com/colors/-/colors-1.1.2.tgz#168a4701756b6a7f51a12ce0c97bfa28c084ed63"

concat-map@0.0.1:
  version "0.0.1"
  resolved "https://registry.yarnpkg.com/concat-map/-/concat-map-0.0.1.tgz#d8a96bd77fd68df7793a73036a3ba0d5405d477b"

csvtojson@^1.1.6:
  version "1.1.7"
  resolved "https://registry.yarnpkg.com/csvtojson/-/csvtojson-1.1.7.tgz#17ded07aec0d8c01f2d6f6871cfa36ab88b149b1"
  dependencies:
    lodash "^4.17.3"
    strip-bom "1.0.0"

cycle@1.0.x:
  version "1.0.3"
  resolved "https://registry.yarnpkg.com/cycle/-/cycle-1.0.3.tgz#21e80b2be8580f98b468f379430662b046c34ad2"

deep-equal@~0.2.1:
  version "0.2.2"
  resolved "https://registry.yarnpkg.com/deep-equal/-/deep-equal-0.2.2.tgz#84b745896f34c684e98f2ce0e42abaf43bba017d"

eyes@0.1.x:
  version "0.1.8"
  resolved "https://registry.yarnpkg.com/eyes/-/eyes-0.1.8.tgz#62cf120234c683785d902348a800ef3e0cc20bc0"

first-chunk-stream@^1.0.0:
  version "1.0.0"
  resolved "https://registry.yarnpkg.com/first-chunk-stream/-/first-chunk-stream-1.0.0.tgz#59bfb50cd905f60d7c394cd3d9acaab4e6ad934e"

fs.realpath@^1.0.0:
  version "1.0.0"
  resolved "https://registry.yarnpkg.com/fs.realpath/-/fs.realpath-1.0.0.tgz#1504ad2523158caa40db4a2787cb01411994ea4f"

glob@^7.0.5:
  version "7.1.2"
  resolved "https://registry.yarnpkg.com/glob/-/glob-7.1.2.tgz#c19c9df9a028702d678612384a6552404c636d15"
  dependencies:
    fs.realpath "^1.0.0"
    inflight "^1.0.4"
    inherits "2"
    minimatch "^3.0.4"
    once "^1.3.0"
    path-is-absolute "^1.0.0"

i@0.3.x:
  version "0.3.5"
  resolved "https://registry.yarnpkg.com/i/-/i-0.3.5.tgz#1d2b854158ec8169113c6cb7f6b6801e99e211d5"

inflight@^1.0.4:
  version "1.0.6"
  resolved "https://registry.yarnpkg.com/inflight/-/inflight-1.0.6.tgz#49bd6331d7d02d0c09bc910a1075ba8165b56df9"
  dependencies:
    once "^1.3.0"
    wrappy "1"

inherits@2:
  version "2.0.3"
  resolved "https://registry.yarnpkg.com/inherits/-/inherits-2.0.3.tgz#633c2c83e3da42a502f52466022480f4208261de"

is-finite@^1.0.0:
  version "1.0.2"
  resolved "https://registry.yarnpkg.com/is-finite/-/is-finite-1.0.2.tgz#cc6677695602be550ef11e8b4aa6305342b6d0aa"
  dependencies:
    number-is-nan "^1.0.0"

is-integer@^1.0.6:
  version "1.0.7"
  resolved "https://registry.yarnpkg.com/is-integer/-/is-integer-1.0.7.tgz#6bde81aacddf78b659b6629d629cadc51a886d5c"
  dependencies:
    is-finite "^1.0.0"

is-utf8@^0.2.0:
  version "0.2.1"
  resolved "https://registry.yarnpkg.com/is-utf8/-/is-utf8-0.2.1.tgz#4b0da1442104d1b336340e80797e865cf39f7d72"

isstream@0.1.x:
  version "0.1.2"
  resolved "https://registry.yarnpkg.com/isstream/-/isstream-0.1.2.tgz#47e63f7af55afa6f92e1500e690eb8b8529c099a"

lodash@^4.17.3:
  version "4.17.4"
  resolved "https://registry.yarnpkg.com/lodash/-/lodash-4.17.4.tgz#78203a4d1c328ae1d86dca6460e369b57f4055ae"

minimatch@^3.0.4:
  version "3.0.4"
  resolved "https://registry.yarnpkg.com/minimatch/-/minimatch-3.0.4.tgz#5166e286457f03306064be5497e8dbb0c3d32083"
  dependencies:
    brace-expansion "^1.1.7"

minimist@0.0.8:
  version "0.0.8"
  resolved "https://registry.yarnpkg.com/minimist/-/minimist-0.0.8.tgz#857fcabfc3397d2625b8228262e86aa7a011b05d"

mkdirp@0.x.x:
  version "0.5.1"
  resolved "https://registry.yarnpkg.com/mkdirp/-/mkdirp-0.5.1.tgz#30057438eac6cf7f8c4767f38648d6697d75c903"
  dependencies:
    minimist "0.0.8"

ml-array-utils@^0.3.0:
  version "0.3.0"
  resolved "https://registry.yarnpkg.com/ml-array-utils/-/ml-array-utils-0.3.0.tgz#c0cc5afdc1cb051f5a83b1ce71641c243672f649"
  dependencies:
    ml-stat "^1.0.1"

ml-distance-euclidean@^1.0.0:
  version "1.0.0"
  resolved "https://registry.yarnpkg.com/ml-distance-euclidean/-/ml-distance-euclidean-1.0.0.tgz#08447c2233641a2b2a9b4c29e5f792d28f1d5b95"

ml-distance@^2.0.1:
  version "2.1.1"
  resolved "https://registry.yarnpkg.com/ml-distance/-/ml-distance-2.1.1.tgz#f6cc1f2970819cb42e68c68de363309ba3bd079f"
  dependencies:
    ml-distance-euclidean "^1.0.0"
    ml-stat "^1.0.1"
    ml-tree-similarity "^0.0.0"

ml-kernel-gaussian@^2.0.1:
  version "2.0.1"
  resolved "https://registry.yarnpkg.com/ml-kernel-gaussian/-/ml-kernel-gaussian-2.0.1.tgz#a01aef9f44f5bcc11341b09a383b1b32f11933c0"
  dependencies:
    ml-distance-euclidean "^1.0.0"

ml-kernel-polynomial@^2.0.0:
  version "2.0.0"
  resolved "https://registry.yarnpkg.com/ml-kernel-polynomial/-/ml-kernel-polynomial-2.0.0.tgz#8ec02c02ccb68bf25a92fbccb4d55a4b387c8313"

ml-kernel-sigmoid@^1.0.0:
  version "1.0.0"
  resolved "https://registry.yarnpkg.com/ml-kernel-sigmoid/-/ml-kernel-sigmoid-1.0.0.tgz#884b28be13f61a60a5173f04240e8096eb1d9cd2"

ml-kernel@^2.0.0:
  version "2.3.3"
  resolved "https://registry.yarnpkg.com/ml-kernel/-/ml-kernel-2.3.3.tgz#a9b2ee69a03c2cf24b15976146354d2b1f29aa4a"
  dependencies:
    ml-distance-euclidean "^1.0.0"
    ml-kernel-gaussian "^2.0.1"
    ml-kernel-polynomial "^2.0.0"
    ml-kernel-sigmoid "^1.0.0"
    ml-matrix "^3.0.0"

ml-knn@^1.0.0:
  version "1.0.0"
  resolved "https://registry.yarnpkg.com/ml-knn/-/ml-knn-1.0.0.tgz#6a98ea95db5b901db06d0b4220600153c2ef89d5"
  dependencies:
    ml-distance "^2.0.1"

ml-matrix@^3.0.0:
  version "3.0.0"
  resolved "https://registry.yarnpkg.com/ml-matrix/-/ml-matrix-3.0.0.tgz#e8dd9ee2e976757f0d4e10512cc0466b7f324ecd"
  dependencies:
    ml-array-utils "^0.3.0"

ml-regression-base@^1.0.0, ml-regression-base@^1.1.1, ml-regression-base@^1.2.0:
  version "1.2.0"
  resolved "https://registry.yarnpkg.com/ml-regression-base/-/ml-regression-base-1.2.0.tgz#e8c58c12b649d845ecb13e0c246ad1be6e57cc1c"

ml-regression-exponential@^1.0.0:
  version "1.0.1"
  resolved "https://registry.yarnpkg.com/ml-regression-exponential/-/ml-regression-exponential-1.0.1.tgz#f5eedba31a3e0bcfbbb92c26c590f9d02970e7d0"
  dependencies:
    ml-regression-base "^1.1.1"
    ml-regression-simple-linear "^1.0.1"

ml-regression-multivariate-linear@^1.0.0:
  version "1.0.0"
  resolved "https://registry.yarnpkg.com/ml-regression-multivariate-linear/-/ml-regression-multivariate-linear-1.0.0.tgz#dffa255e5a344e599f379895125d2b737d3750fd"
  dependencies:
    ml-matrix "^3.0.0"
    ml-regression-base "^1.2.0"

ml-regression-polynomial@^1.0.0:
  version "1.0.2"
  resolved "https://registry.yarnpkg.com/ml-regression-polynomial/-/ml-regression-polynomial-1.0.2.tgz#10fde6550d4a9a887e5628628a5027323e0ff7ee"
  dependencies:
    ml-matrix "^3.0.0"
    ml-regression-base "^1.1.1"

ml-regression-power@^1.0.0:
  version "1.0.0"
  resolved "https://registry.yarnpkg.com/ml-regression-power/-/ml-regression-power-1.0.0.tgz#eb934fc3c0531a15d8772f46a7ca9551785e481f"
  dependencies:
    ml-regression-base "^1.2.0"
    ml-regression-simple-linear "^1.0.2"

ml-regression-robust-polynomial@^1.0.0:
  version "1.0.0"
  resolved "https://registry.yarnpkg.com/ml-regression-robust-polynomial/-/ml-regression-robust-polynomial-1.0.0.tgz#35566cdda308725da7c23ebbcf6c088be3f4ae05"
  dependencies:
    ml-matrix "^3.0.0"
    ml-regression-base "^1.2.0"

ml-regression-simple-linear@^1.0.0, ml-regression-simple-linear@^1.0.1, ml-regression-simple-linear@^1.0.2:
  version "1.0.2"
  resolved "https://registry.yarnpkg.com/ml-regression-simple-linear/-/ml-regression-simple-linear-1.0.2.tgz#d99fe95be9178c3bf045cc58490b1e62851336af"
  dependencies:
    ml-regression-base "^1.0.0"

ml-regression-theil-sen@^1.0.0:
  version "1.0.0"
  resolved "https://registry.yarnpkg.com/ml-regression-theil-sen/-/ml-regression-theil-sen-1.0.0.tgz#fb33c67ca88cd182c9eee999cecccd7aad5c2bc8"
  dependencies:
    ml-regression-base "^1.2.0"
    ml-stat "^1.3.3"

ml-regression@^4.2.1:
  version "4.4.1"
  resolved "https://registry.yarnpkg.com/ml-regression/-/ml-regression-4.4.1.tgz#cb8930f06a9cdf8116e8670c9688a90c6c7f50c9"
  dependencies:
    is-integer "^1.0.6"
    ml-kernel "^2.0.0"
    ml-matrix "^3.0.0"
    ml-regression-base "^1.2.0"
    ml-regression-exponential "^1.0.0"
    ml-regression-multivariate-linear "^1.0.0"
    ml-regression-polynomial "^1.0.0"
    ml-regression-power "^1.0.0"
    ml-regression-robust-polynomial "^1.0.0"
    ml-regression-simple-linear "^1.0.0"
    ml-regression-theil-sen "^1.0.0"
    ml-stat "^1.3.3"

ml-stat@^1.0.1, ml-stat@^1.3.3:
  version "1.3.3"
  resolved "https://registry.yarnpkg.com/ml-stat/-/ml-stat-1.3.3.tgz#8a5493b0f67382fbf705c260e070436655a7dcfa"

ml-tree-similarity@^0.0.0:
  version "0.0.0"
  resolved "https://registry.yarnpkg.com/ml-tree-similarity/-/ml-tree-similarity-0.0.0.tgz#0884655798caada2cc6f1f137457b4b0a2ab6cdd"

mute-stream@~0.0.4:
  version "0.0.7"
  resolved "https://registry.yarnpkg.com/mute-stream/-/mute-stream-0.0.7.tgz#3075ce93bc21b8fab43e1bc4da7e8115ed1e7bab"

ncp@1.0.x:
  version "1.0.1"
  resolved "https://registry.yarnpkg.com/ncp/-/ncp-1.0.1.tgz#d15367e5cb87432ba117d2bf80fdf45aecfb4246"

number-is-nan@^1.0.0:
  version "1.0.1"
  resolved "https://registry.yarnpkg.com/number-is-nan/-/number-is-nan-1.0.1.tgz#097b602b53422a522c1afb8790318336941a011d"

once@^1.3.0:
  version "1.4.0"
  resolved "https://registry.yarnpkg.com/once/-/once-1.4.0.tgz#583b1aa775961d4b113ac17d9c50baef9dd76bd1"
  dependencies:
    wrappy "1"

path-is-absolute@^1.0.0:
  version "1.0.1"
  resolved "https://registry.yarnpkg.com/path-is-absolute/-/path-is-absolute-1.0.1.tgz#174b9268735534ffbc7ace6bf53a5a9e1b5c5f5f"

pkginfo@0.3.x:
  version "0.3.1"
  resolved "https://registry.yarnpkg.com/pkginfo/-/pkginfo-0.3.1.tgz#5b29f6a81f70717142e09e765bbeab97b4f81e21"

pkginfo@0.x.x:
  version "0.4.0"
  resolved "https://registry.yarnpkg.com/pkginfo/-/pkginfo-0.4.0.tgz#349dbb7ffd38081fcadc0853df687f0c7744cd65"

prompt@^1.0.0:
  version "1.0.0"
  resolved "https://registry.yarnpkg.com/prompt/-/prompt-1.0.0.tgz#8e57123c396ab988897fb327fd3aedc3e735e4fe"
  dependencies:
    colors "^1.1.2"
    pkginfo "0.x.x"
    read "1.0.x"
    revalidator "0.1.x"
    utile "0.3.x"
    winston "2.1.x"

read@1.0.x:
  version "1.0.7"
  resolved "https://registry.yarnpkg.com/read/-/read-1.0.7.tgz#b3da19bd052431a97671d44a42634adf710b40c4"
  dependencies:
    mute-stream "~0.0.4"

revalidator@0.1.x:
  version "0.1.8"
  resolved "https://registry.yarnpkg.com/revalidator/-/revalidator-0.1.8.tgz#fece61bfa0c1b52a206bd6b18198184bdd523a3b"

rimraf@2.x.x:
  version "2.6.1"
  resolved "https://registry.yarnpkg.com/rimraf/-/rimraf-2.6.1.tgz#c2338ec643df7a1b7fe5c54fa86f57428a55f33d"
  dependencies:
    glob "^7.0.5"

stack-trace@0.0.x:
  version "0.0.10"
  resolved "https://registry.yarnpkg.com/stack-trace/-/stack-trace-0.0.10.tgz#547c70b347e8d32b4e108ea1a2a159e5fdde19c0"

strip-bom@1.0.0:
  version "1.0.0"
  resolved "https://registry.yarnpkg.com/strip-bom/-/strip-bom-1.0.0.tgz#85b8862f3844b5a6d5ec8467a93598173a36f794"
  dependencies:
    first-chunk-stream "^1.0.0"
    is-utf8 "^0.2.0"

utile@0.3.x:
  version "0.3.0"
  resolved "https://registry.yarnpkg.com/utile/-/utile-0.3.0.tgz#1352c340eb820e4d8ddba039a4fbfaa32ed4ef3a"
  dependencies:
    async "~0.9.0"
    deep-equal "~0.2.1"
    i "0.3.x"
    mkdirp "0.x.x"
    ncp "1.0.x"
    rimraf "2.x.x"

winston@2.1.x:
  version "2.1.1"
  resolved "https://registry.yarnpkg.com/winston/-/winston-2.1.1.tgz#3c9349d196207fd1bdff9d4bc43ef72510e3a12e"
  dependencies:
    async "~1.0.0"
    colors "1.0.x"
    cycle "1.0.x"
    eyes "0.1.x"
    isstream "0.1.x"
    pkginfo "0.3.x"
    stack-trace "0.0.x"

wrappy@1:
  version "1.0.2"
  resolved "https://registry.yarnpkg.com/wrappy/-/wrappy-1.0.2.tgz#b5243d8f3ec1aa35f1364605bc0d1036e30ab69f"
