# THIS IS AN AUTOGENERATED FILE. DO NOT EDIT THIS FILE DIRECTLY.
# yarn lockfile v1


csvtojson@^1.1.6:
  version "1.1.6"
  resolved "https://registry.yarnpkg.com/csvtojson/-/csvtojson-1.1.6.tgz#b67accbff21a47312ce5d9253f5e50b0fc09eb18"
  dependencies:
    lodash "^4.17.3"
    strip-bom "1.0.0"

first-chunk-stream@^1.0.0:
  version "1.0.0"
  resolved "https://registry.yarnpkg.com/first-chunk-stream/-/first-chunk-stream-1.0.0.tgz#59bfb50cd905f60d7c394cd3d9acaab4e6ad934e"

is-finite@^1.0.0:
  version "1.0.2"
  resolved "https://registry.yarnpkg.com/is-finite/-/is-finite-1.0.2.tgz#cc6677695602be550ef11e8b4aa6305342b6d0aa"
  dependencies:
    number-is-nan "^1.0.0"

is-integer@^1.0.6:
  version "1.0.7"
  resolved "https://registry.yarnpkg.com/is-integer/-/is-integer-1.0.7.tgz#6bde81aacddf78b659b6629d629cadc51a886d5c"
  dependencies:
    is-finite "^1.0.0"

is-utf8@^0.2.0:
  version "0.2.1"
  resolved "https://registry.yarnpkg.com/is-utf8/-/is-utf8-0.2.1.tgz#4b0da1442104d1b336340e80797e865cf39f7d72"

lodash@^4.17.3:
  version "4.17.4"
  resolved "https://registry.yarnpkg.com/lodash/-/lodash-4.17.4.tgz#78203a4d1c328ae1d86dca6460e369b57f4055ae"

ml-array-utils@^0.3.0:
  version "0.3.0"
  resolved "https://registry.yarnpkg.com/ml-array-utils/-/ml-array-utils-0.3.0.tgz#c0cc5afdc1cb051f5a83b1ce71641c243672f649"
  dependencies:
    ml-stat "^1.0.1"

ml-distance-euclidean@^1.0.0:
  version "1.0.0"
  resolved "https://registry.yarnpkg.com/ml-distance-euclidean/-/ml-distance-euclidean-1.0.0.tgz#08447c2233641a2b2a9b4c29e5f792d28f1d5b95"

ml-kernel-gaussian@^2.0.1:
  version "2.0.1"
  resolved "https://registry.yarnpkg.com/ml-kernel-gaussian/-/ml-kernel-gaussian-2.0.1.tgz#a01aef9f44f5bcc11341b09a383b1b32f11933c0"
  dependencies:
    ml-distance-euclidean "^1.0.0"

ml-kernel-polynomial@^2.0.0:
  version "2.0.0"
  resolved "https://registry.yarnpkg.com/ml-kernel-polynomial/-/ml-kernel-polynomial-2.0.0.tgz#8ec02c02ccb68bf25a92fbccb4d55a4b387c8313"

ml-kernel-sigmoid@^1.0.0:
  version "1.0.0"
  resolved "https://registry.yarnpkg.com/ml-kernel-sigmoid/-/ml-kernel-sigmoid-1.0.0.tgz#884b28be13f61a60a5173f04240e8096eb1d9cd2"

ml-kernel@^2.0.0:
  version "2.3.3"
  resolved "https://registry.yarnpkg.com/ml-kernel/-/ml-kernel-2.3.3.tgz#a9b2ee69a03c2cf24b15976146354d2b1f29aa4a"
  dependencies:
    ml-distance-euclidean "^1.0.0"
    ml-kernel-gaussian "^2.0.1"
    ml-kernel-polynomial "^2.0.0"
    ml-kernel-sigmoid "^1.0.0"
    ml-matrix "^3.0.0"

ml-matrix@^3.0.0:
  version "3.0.0"
  resolved "https://registry.yarnpkg.com/ml-matrix/-/ml-matrix-3.0.0.tgz#e8dd9ee2e976757f0d4e10512cc0466b7f324ecd"
  dependencies:
    ml-array-utils "^0.3.0"

ml-regression@^4.2.1:
  version "4.2.1"
  resolved "https://registry.yarnpkg.com/ml-regression/-/ml-regression-4.2.1.tgz#061a70c18f2297ead74db2c1f99992f1329886f2"
  dependencies:
    is-integer "^1.0.6"
    ml-kernel "^2.0.0"
    ml-matrix "^3.0.0"
    ml-stat "^1.3.3"

ml-stat@^1.0.1, ml-stat@^1.3.3:
  version "1.3.3"
  resolved "https://registry.yarnpkg.com/ml-stat/-/ml-stat-1.3.3.tgz#8a5493b0f67382fbf705c260e070436655a7dcfa"

number-is-nan@^1.0.0:
  version "1.0.1"
  resolved "https://registry.yarnpkg.com/number-is-nan/-/number-is-nan-1.0.1.tgz#097b602b53422a522c1afb8790318336941a011d"

strip-bom@1.0.0:
  version "1.0.0"
  resolved "https://registry.yarnpkg.com/strip-bom/-/strip-bom-1.0.0.tgz#85b8862f3844b5a6d5ec8467a93598173a36f794"
  dependencies:
    first-chunk-stream "^1.0.0"
    is-utf8 "^0.2.0"
